
Microsoft Visual Studio Solution File, Format Version 12.00
# Visual Studio 2012
Project("{FAE04EC0-301F-11D3-BF4B-00C04F79EFBC}") = "Engine", "Desktop\Engine\Engine.csproj", "{91E5D2C3-D269-4FF9-8AB6-36926441F6B2}"
EndProject
Project("{FAE04EC0-301F-11D3-BF4B-00C04F79EFBC}") = "Terminal", "Desktop\Terminal\Terminal.csproj", "{F4E218AF-2C16-4F57-B80A-52A1B2335D2D}"
	ProjectSection(ProjectDependencies) = postProject
		{52838530-5174-47D2-A029-2DDB7918C776} = {52838530-5174-47D2-A029-2DDB7918C776}
		{C570365F-C569-46B3-B35F-12952F0ACDEE} = {C570365F-C569-46B3-B35F-12952F0ACDEE}
		{F22862B7-CDB9-4D4E-83F3-9AA535DB5841} = {F22862B7-CDB9-4D4E-83F3-9AA535DB5841}
		{91E5D2C3-D269-4FF9-8AB6-36926441F6B2} = {91E5D2C3-D269-4FF9-8AB6-36926441F6B2}
	EndProjectSection
EndProject
Project("{FAE04EC0-301F-11D3-BF4B-00C04F79EFBC}") = "HomeAutomationCommands", "CommandDefinitions\HomeAutomation\HomeAutomationCommands\HomeAutomationCommands.csproj", "{48E1A8A5-7204-4C21-A914-510933DB87EA}"
EndProject
Project("{FAE04EC0-301F-11D3-BF4B-00C04F79EFBC}") = "EmailCommands", "CommandDefinitions\EmailCommands\EmailCommands.csproj", "{79C6296E-FE65-4441-8841-541C80F68623}"
EndProject
Project("{FAE04EC0-301F-11D3-BF4B-00C04F79EFBC}") = "WebHookCommands", "CommandDefinitions\WebHookCommands\WebHookCommands.csproj", "{7E42B977-82F5-49E2-99F8-DF84A72AA9E1}"
EndProject
Project("{FAE04EC0-301F-11D3-BF4B-00C04F79EFBC}") = "ComputerComands", "CommandDefinitions\ComputerComands\ComputerComands.csproj", "{C570365F-C569-46B3-B35F-12952F0ACDEE}"
EndProject
Project("{FAE04EC0-301F-11D3-BF4B-00C04F79EFBC}") = "WebCommunicator", "Libraries\WebCommunicator\WebCommunicator\WebCommunicator.csproj", "{A7CCA3B4-F50B-43F0-9250-673C1D6AC351}"
EndProject
Project("{2150E333-8FDC-42A3-9474-1A3956D46DE8}") = "CommandDefinitions", "CommandDefinitions", "{B861BDFA-0882-4AC0-9B88-6E25EE2FD654}"
EndProject
Project("{2150E333-8FDC-42A3-9474-1A3956D46DE8}") = "Web", "Web", "{3B7E5ADF-46FC-48E0-B7E2-EB5487F7DA35}"
EndProject
Project("{2150E333-8FDC-42A3-9474-1A3956D46DE8}") = "Libraries", "Libraries", "{88209820-F3E1-4DF3-B252-C5C2771FED15}"
EndProject
Project("{2150E333-8FDC-42A3-9474-1A3956D46DE8}") = "Desktop", "Desktop", "{A6D0895F-B51B-46B1-B6A0-F35C36D7789F}"
EndProject
Project("{FAE04EC0-301F-11D3-BF4B-00C04F79EFBC}") = "WebHook", "Web\WebHook\WebHook.csproj", "{F1C594D7-933B-4E72-AE4A-CC47B82F0F3C}"
EndProject
Project("{FAE04EC0-301F-11D3-BF4B-00C04F79EFBC}") = "Persistence", "Web\Persistence\Persistence.csproj", "{B89555A4-7FBF-4B56-A040-B18445B4224B}"
EndProject
Project("{2150E333-8FDC-42A3-9474-1A3956D46DE8}") = "Tests", "Tests", "{5FEFCDCA-4821-43FC-A023-ABEA06CD236A}"
EndProject
Project("{FAE04EC0-301F-11D3-BF4B-00C04F79EFBC}") = "WebHookTester", "Tests\WebHookTester\WebHookTester.csproj", "{11205505-93C9-47B1-98F9-6DE80095CD7D}"
EndProject
Project("{FAE04EC0-301F-11D3-BF4B-00C04F79EFBC}") = "ControlThinkCommands", "CommandDefinitions\HomeAutomation\ControlThinkCommands\ControlThinkCommands.csproj", "{F2A79F92-10A8-4327-8F67-B18E59A3988F}"
EndProject
Project("{FAE04EC0-301F-11D3-BF4B-00C04F79EFBC}") = "CoreCommands", "CommandDefinitions\CoreCommands\CoreCommands.csproj", "{FA68504D-927F-4A50-AD3A-A009A98AF836}"
EndProject
Project("{FAE04EC0-301F-11D3-BF4B-00C04F79EFBC}") = "Service", "Desktop\Service\Service.csproj", "{7F726E91-6B0D-44E6-82A3-6C5A9B22D325}"
EndProject
Project("{FAE04EC0-301F-11D3-BF4B-00C04F79EFBC}") = "HomeAutomationCommands.Tests", "CommandDefinitions\HomeAutomation\HomeAutomationCommands.Tests\HomeAutomationCommands.Tests.csproj", "{F9399D06-4797-4BCB-9F3D-32E2E47E5EE1}"
EndProject
Project("{2150E333-8FDC-42A3-9474-1A3956D46DE8}") = "HomeAutomation", "HomeAutomation", "{41DFF33E-037B-45F4-9B2A-E07068610978}"
EndProject
Project("{2150E333-8FDC-42A3-9474-1A3956D46DE8}") = "Common", "Common", "{9CD26F6B-45B4-4D7C-87A6-96163B4C7489}"
EndProject
Project("{FAE04EC0-301F-11D3-BF4B-00C04F79EFBC}") = "ScriptingLanguage", "Common\ScriptingLanguage\ScriptingLanguage.csproj", "{B8225CD9-0CDA-4022-BC70-DA6D0CF7E097}"
EndProject
Project("{FAE04EC0-301F-11D3-BF4B-00C04F79EFBC}") = "Exceptions", "Common\Exceptions\Exceptions.csproj", "{157A5468-8614-4577-91B3-738D58BF8350}"
EndProject
Project("{FAE04EC0-301F-11D3-BF4B-00C04F79EFBC}") = "TextUtilities", "Common\TextUtilities\TextUtilities.csproj", "{BD67D062-FBD1-4A00-8A44-639CB8537AC8}"
EndProject
Project("{FAE04EC0-301F-11D3-BF4B-00C04F79EFBC}") = "ConsoleTester", "Common\ConsoleTester\ConsoleTester.csproj", "{1FA21EA1-0A02-47D9-8415-0F9951ECD408}"
EndProject
Project("{FAE04EC0-301F-11D3-BF4B-00C04F79EFBC}") = "HomeAutomation", "Common\HomeAutomation\HomeAutomation.csproj", "{F0B023B4-CCA4-419F-8963-862D3377A2F8}"
EndProject
Project("{FAE04EC0-301F-11D3-BF4B-00C04F79EFBC}") = "Logger", "Common\Logger\Logger.csproj", "{610FD55B-DE30-475D-AEBD-A5539815D056}"
EndProject
Project("{FAE04EC0-301F-11D3-BF4B-00C04F79EFBC}") = "HomeAutomation.Tests", "Common\HomeAutomation.Tests\HomeAutomation.Tests.csproj", "{E9421EEF-6269-4F5E-9893-5C0003B6E400}"
EndProject
Project("{FAE04EC0-301F-11D3-BF4B-00C04F79EFBC}") = "Common", "Common\Common\Common.csproj", "{96934CBD-3597-4432-AE32-ED730377D3AA}"
EndProject
Project("{FAE04EC0-301F-11D3-BF4B-00C04F79EFBC}") = "Api", "Web\Api\Api.csproj", "{BD6C94B8-E271-4DDF-B485-C2416036BD82}"
EndProject
Project("{FAE04EC0-301F-11D3-BF4B-00C04F79EFBC}") = "TwitterCommands", "CommandDefinitions\TwitterCommands\TwitterCommands.csproj", "{F22862B7-CDB9-4D4E-83F3-9AA535DB5841}"
EndProject
Project("{2150E333-8FDC-42A3-9474-1A3956D46DE8}") = ".nuget", ".nuget", "{2904903F-DF9C-460C-806F-151515323B3E}"
	ProjectSection(SolutionItems) = preProject
		.nuget\NuGet.Config = .nuget\NuGet.Config
		.nuget\NuGet.targets = .nuget\NuGet.targets
	EndProjectSection
EndProject
Project("{FAE04EC0-301F-11D3-BF4B-00C04F79EFBC}") = "Website", "Web\Website\Website.csproj", "{8EB25CBD-C698-4ECD-AC94-6A38F2DA347F}"
	ProjectSection(ProjectDependencies) = postProject
		{52838530-5174-47D2-A029-2DDB7918C776} = {52838530-5174-47D2-A029-2DDB7918C776}
	EndProjectSection
EndProject
Project("{FAE04EC0-301F-11D3-BF4B-00C04F79EFBC}") = "Graphical", "Desktop\Graphical\Graphical.csproj", "{8D346BF8-664E-4690-9EEF-CD24DB365273}"
	ProjectSection(ProjectDependencies) = postProject
		{52838530-5174-47D2-A029-2DDB7918C776} = {52838530-5174-47D2-A029-2DDB7918C776}
	EndProjectSection
EndProject
Project("{FAE04EC0-301F-11D3-BF4B-00C04F79EFBC}") = "SpeechRecognitionCommands", "CommandDefinitions\SpeechRecognitionCommands\SpeechRecognitionCommands.csproj", "{52838530-5174-47D2-A029-2DDB7918C776}"
EndProject
Project("{FAE04EC0-301F-11D3-BF4B-00C04F79EFBC}") = "ScriptingLanguage.Tests", "Common\ScriptingLanguage.Tests\ScriptingLanguage.Tests.csproj", "{752F5DB0-48FA-4EF7-91D3-5776E35952A2}"
EndProject
Project("{FAE04EC0-301F-11D3-BF4B-00C04F79EFBC}") = "Common.Tests", "Common\Common.Tests\Common.Tests.csproj", "{C37F4C26-67AD-401C-8EEB-FEB17918E9AF}"
EndProject
Project("{FAE04EC0-301F-11D3-BF4B-00C04F79EFBC}") = "Engine.Tests", "Roomie.Desktop.Engine.Tests\Engine.Tests.csproj", "{CA3D65A9-07C0-4453-8D4E-CCC9B39B22D9}"
EndProject
Project("{FAE04EC0-301F-11D3-BF4B-00C04F79EFBC}") = "Triggers", "Common\Triggers\Triggers.csproj", "{5F72C80F-4C92-46EE-931B-7676DD2824E9}"
EndProject
Project("{FAE04EC0-301F-11D3-BF4B-00C04F79EFBC}") = "Triggers.Tests", "Common\Triggers.Tests\Triggers.Tests.csproj", "{ACD40CA9-DE61-4438-8DC3-7727AEB6EF27}"
EndProject
Project("{FAE04EC0-301F-11D3-BF4B-00C04F79EFBC}") = "PiEngineeringCommands", "CommandDefinitions\HomeAutomation\PiEngineeringCommands\PiEngineeringCommands.csproj", "{9F021646-9069-4B2C-A26A-D6386EE0ED90}"
EndProject
Project("{FAE04EC0-301F-11D3-BF4B-00C04F79EFBC}") = "PiEngineeringCommands.Tests", "CommandDefinitions\HomeAutomation\PiEngineeringCommands.Tests\PiEngineeringCommands.Tests.csproj", "{65F7EC5E-59CD-4CD1-8907-40D56EBE8614}"
EndProject
Project("{FAE04EC0-301F-11D3-BF4B-00C04F79EFBC}") = "OpenZWaveCommands", "CommandDefinitions\HomeAutomation\OpenZWaveCommands\OpenZWaveCommands.csproj", "{8A4DE8BD-5073-464F-BF77-71EFA6E07FD0}"
EndProject
Project("{FAE04EC0-301F-11D3-BF4B-00C04F79EFBC}") = "Q42HueCommands", "CommandDefinitions\HomeAutomation\Q42HueCommands\Q42HueCommands.csproj", "{9B945F89-B6B3-4E7E-B670-B9DB24AD00DF}"
EndProject
Global
	GlobalSection(TestCaseManagementSettings) = postSolution
		CategoryFile = Roomie1.vsmdi
	EndGlobalSection
	GlobalSection(SolutionConfigurationPlatforms) = preSolution
		Debug Roomie.Mvc3|Any CPU = Debug Roomie.Mvc3|Any CPU
		Debug Roomie.Mvc3|Mixed Platforms = Debug Roomie.Mvc3|Mixed Platforms
		Debug Roomie.Mvc3|x86 = Debug Roomie.Mvc3|x86
		Debug|Any CPU = Debug|Any CPU
		Debug|Mixed Platforms = Debug|Mixed Platforms
		Debug|x86 = Debug|x86
		Release|Any CPU = Release|Any CPU
		Release|Mixed Platforms = Release|Mixed Platforms
		Release|x86 = Release|x86
	EndGlobalSection
	GlobalSection(ProjectConfigurationPlatforms) = postSolution
		{91E5D2C3-D269-4FF9-8AB6-36926441F6B2}.Debug Roomie.Mvc3|Any CPU.ActiveCfg = Debug|Any CPU
		{91E5D2C3-D269-4FF9-8AB6-36926441F6B2}.Debug Roomie.Mvc3|Any CPU.Build.0 = Debug|Any CPU
		{91E5D2C3-D269-4FF9-8AB6-36926441F6B2}.Debug Roomie.Mvc3|Mixed Platforms.ActiveCfg = Debug|Any CPU
		{91E5D2C3-D269-4FF9-8AB6-36926441F6B2}.Debug Roomie.Mvc3|Mixed Platforms.Build.0 = Debug|Any CPU
		{91E5D2C3-D269-4FF9-8AB6-36926441F6B2}.Debug Roomie.Mvc3|x86.ActiveCfg = Debug|Any CPU
		{91E5D2C3-D269-4FF9-8AB6-36926441F6B2}.Debug|Any CPU.ActiveCfg = Debug|Any CPU
		{91E5D2C3-D269-4FF9-8AB6-36926441F6B2}.Debug|Any CPU.Build.0 = Debug|Any CPU
		{91E5D2C3-D269-4FF9-8AB6-36926441F6B2}.Debug|Mixed Platforms.ActiveCfg = Debug|Any CPU
		{91E5D2C3-D269-4FF9-8AB6-36926441F6B2}.Debug|Mixed Platforms.Build.0 = Debug|Any CPU
		{91E5D2C3-D269-4FF9-8AB6-36926441F6B2}.Debug|x86.ActiveCfg = Debug|Any CPU
		{91E5D2C3-D269-4FF9-8AB6-36926441F6B2}.Release|Any CPU.ActiveCfg = Release|Any CPU
		{91E5D2C3-D269-4FF9-8AB6-36926441F6B2}.Release|Any CPU.Build.0 = Release|Any CPU
		{91E5D2C3-D269-4FF9-8AB6-36926441F6B2}.Release|Mixed Platforms.ActiveCfg = Release|Any CPU
		{91E5D2C3-D269-4FF9-8AB6-36926441F6B2}.Release|Mixed Platforms.Build.0 = Release|Any CPU
		{91E5D2C3-D269-4FF9-8AB6-36926441F6B2}.Release|x86.ActiveCfg = Release|Any CPU
		{F4E218AF-2C16-4F57-B80A-52A1B2335D2D}.Debug Roomie.Mvc3|Any CPU.ActiveCfg = Debug|Any CPU
		{F4E218AF-2C16-4F57-B80A-52A1B2335D2D}.Debug Roomie.Mvc3|Any CPU.Build.0 = Debug|Any CPU
		{F4E218AF-2C16-4F57-B80A-52A1B2335D2D}.Debug Roomie.Mvc3|Mixed Platforms.ActiveCfg = Debug|Any CPU
		{F4E218AF-2C16-4F57-B80A-52A1B2335D2D}.Debug Roomie.Mvc3|Mixed Platforms.Build.0 = Debug|Any CPU
		{F4E218AF-2C16-4F57-B80A-52A1B2335D2D}.Debug Roomie.Mvc3|x86.ActiveCfg = Debug|Any CPU
		{F4E218AF-2C16-4F57-B80A-52A1B2335D2D}.Debug|Any CPU.ActiveCfg = Debug|Any CPU
		{F4E218AF-2C16-4F57-B80A-52A1B2335D2D}.Debug|Any CPU.Build.0 = Debug|Any CPU
		{F4E218AF-2C16-4F57-B80A-52A1B2335D2D}.Debug|Mixed Platforms.ActiveCfg = Debug|Any CPU
		{F4E218AF-2C16-4F57-B80A-52A1B2335D2D}.Debug|Mixed Platforms.Build.0 = Debug|Any CPU
		{F4E218AF-2C16-4F57-B80A-52A1B2335D2D}.Debug|x86.ActiveCfg = Debug|Any CPU
		{F4E218AF-2C16-4F57-B80A-52A1B2335D2D}.Release|Any CPU.ActiveCfg = Release|Any CPU
		{F4E218AF-2C16-4F57-B80A-52A1B2335D2D}.Release|Any CPU.Build.0 = Release|Any CPU
		{F4E218AF-2C16-4F57-B80A-52A1B2335D2D}.Release|Mixed Platforms.ActiveCfg = Release|Any CPU
		{F4E218AF-2C16-4F57-B80A-52A1B2335D2D}.Release|Mixed Platforms.Build.0 = Release|Any CPU
		{F4E218AF-2C16-4F57-B80A-52A1B2335D2D}.Release|x86.ActiveCfg = Release|Any CPU
		{48E1A8A5-7204-4C21-A914-510933DB87EA}.Debug Roomie.Mvc3|Any CPU.ActiveCfg = Debug|Any CPU
		{48E1A8A5-7204-4C21-A914-510933DB87EA}.Debug Roomie.Mvc3|Any CPU.Build.0 = Debug|Any CPU
		{48E1A8A5-7204-4C21-A914-510933DB87EA}.Debug Roomie.Mvc3|Mixed Platforms.ActiveCfg = Debug|Any CPU
		{48E1A8A5-7204-4C21-A914-510933DB87EA}.Debug Roomie.Mvc3|Mixed Platforms.Build.0 = Debug|Any CPU
		{48E1A8A5-7204-4C21-A914-510933DB87EA}.Debug Roomie.Mvc3|x86.ActiveCfg = Debug|Any CPU
		{48E1A8A5-7204-4C21-A914-510933DB87EA}.Debug|Any CPU.ActiveCfg = Debug|Any CPU
		{48E1A8A5-7204-4C21-A914-510933DB87EA}.Debug|Any CPU.Build.0 = Debug|Any CPU
		{48E1A8A5-7204-4C21-A914-510933DB87EA}.Debug|Mixed Platforms.ActiveCfg = Debug|Any CPU
		{48E1A8A5-7204-4C21-A914-510933DB87EA}.Debug|Mixed Platforms.Build.0 = Debug|Any CPU
		{48E1A8A5-7204-4C21-A914-510933DB87EA}.Debug|x86.ActiveCfg = Debug|Any CPU
		{48E1A8A5-7204-4C21-A914-510933DB87EA}.Release|Any CPU.ActiveCfg = Release|Any CPU
		{48E1A8A5-7204-4C21-A914-510933DB87EA}.Release|Any CPU.Build.0 = Release|Any CPU
		{48E1A8A5-7204-4C21-A914-510933DB87EA}.Release|Mixed Platforms.ActiveCfg = Release|Any CPU
		{48E1A8A5-7204-4C21-A914-510933DB87EA}.Release|Mixed Platforms.Build.0 = Release|Any CPU
		{48E1A8A5-7204-4C21-A914-510933DB87EA}.Release|x86.ActiveCfg = Release|Any CPU
		{79C6296E-FE65-4441-8841-541C80F68623}.Debug Roomie.Mvc3|Any CPU.ActiveCfg = Debug|Any CPU
		{79C6296E-FE65-4441-8841-541C80F68623}.Debug Roomie.Mvc3|Any CPU.Build.0 = Debug|Any CPU
		{79C6296E-FE65-4441-8841-541C80F68623}.Debug Roomie.Mvc3|Mixed Platforms.ActiveCfg = Debug|Any CPU
		{79C6296E-FE65-4441-8841-541C80F68623}.Debug Roomie.Mvc3|Mixed Platforms.Build.0 = Debug|Any CPU
		{79C6296E-FE65-4441-8841-541C80F68623}.Debug Roomie.Mvc3|x86.ActiveCfg = Debug|Any CPU
		{79C6296E-FE65-4441-8841-541C80F68623}.Debug|Any CPU.ActiveCfg = Debug|Any CPU
		{79C6296E-FE65-4441-8841-541C80F68623}.Debug|Any CPU.Build.0 = Debug|Any CPU
		{79C6296E-FE65-4441-8841-541C80F68623}.Debug|Mixed Platforms.ActiveCfg = Debug|Any CPU
		{79C6296E-FE65-4441-8841-541C80F68623}.Debug|Mixed Platforms.Build.0 = Debug|Any CPU
		{79C6296E-FE65-4441-8841-541C80F68623}.Debug|x86.ActiveCfg = Debug|Any CPU
		{79C6296E-FE65-4441-8841-541C80F68623}.Release|Any CPU.ActiveCfg = Release|Any CPU
		{79C6296E-FE65-4441-8841-541C80F68623}.Release|Any CPU.Build.0 = Release|Any CPU
		{79C6296E-FE65-4441-8841-541C80F68623}.Release|Mixed Platforms.ActiveCfg = Release|Any CPU
		{79C6296E-FE65-4441-8841-541C80F68623}.Release|Mixed Platforms.Build.0 = Release|Any CPU
		{79C6296E-FE65-4441-8841-541C80F68623}.Release|x86.ActiveCfg = Release|Any CPU
		{7E42B977-82F5-49E2-99F8-DF84A72AA9E1}.Debug Roomie.Mvc3|Any CPU.ActiveCfg = Debug|Any CPU
		{7E42B977-82F5-49E2-99F8-DF84A72AA9E1}.Debug Roomie.Mvc3|Any CPU.Build.0 = Debug|Any CPU
		{7E42B977-82F5-49E2-99F8-DF84A72AA9E1}.Debug Roomie.Mvc3|Mixed Platforms.ActiveCfg = Debug|Any CPU
		{7E42B977-82F5-49E2-99F8-DF84A72AA9E1}.Debug Roomie.Mvc3|Mixed Platforms.Build.0 = Debug|Any CPU
		{7E42B977-82F5-49E2-99F8-DF84A72AA9E1}.Debug Roomie.Mvc3|x86.ActiveCfg = Debug|Any CPU
		{7E42B977-82F5-49E2-99F8-DF84A72AA9E1}.Debug|Any CPU.ActiveCfg = Debug|Any CPU
		{7E42B977-82F5-49E2-99F8-DF84A72AA9E1}.Debug|Any CPU.Build.0 = Debug|Any CPU
		{7E42B977-82F5-49E2-99F8-DF84A72AA9E1}.Debug|Mixed Platforms.ActiveCfg = Debug|Any CPU
		{7E42B977-82F5-49E2-99F8-DF84A72AA9E1}.Debug|Mixed Platforms.Build.0 = Debug|Any CPU
		{7E42B977-82F5-49E2-99F8-DF84A72AA9E1}.Debug|x86.ActiveCfg = Debug|Any CPU
		{7E42B977-82F5-49E2-99F8-DF84A72AA9E1}.Release|Any CPU.ActiveCfg = Release|Any CPU
		{7E42B977-82F5-49E2-99F8-DF84A72AA9E1}.Release|Any CPU.Build.0 = Release|Any CPU
		{7E42B977-82F5-49E2-99F8-DF84A72AA9E1}.Release|Mixed Platforms.ActiveCfg = Release|Any CPU
		{7E42B977-82F5-49E2-99F8-DF84A72AA9E1}.Release|Mixed Platforms.Build.0 = Release|Any CPU
		{7E42B977-82F5-49E2-99F8-DF84A72AA9E1}.Release|x86.ActiveCfg = Release|Any CPU
		{C570365F-C569-46B3-B35F-12952F0ACDEE}.Debug Roomie.Mvc3|Any CPU.ActiveCfg = Debug|Any CPU
		{C570365F-C569-46B3-B35F-12952F0ACDEE}.Debug Roomie.Mvc3|Any CPU.Build.0 = Debug|Any CPU
		{C570365F-C569-46B3-B35F-12952F0ACDEE}.Debug Roomie.Mvc3|Mixed Platforms.ActiveCfg = Debug|Any CPU
		{C570365F-C569-46B3-B35F-12952F0ACDEE}.Debug Roomie.Mvc3|Mixed Platforms.Build.0 = Debug|Any CPU
		{C570365F-C569-46B3-B35F-12952F0ACDEE}.Debug Roomie.Mvc3|x86.ActiveCfg = Debug|Any CPU
		{C570365F-C569-46B3-B35F-12952F0ACDEE}.Debug|Any CPU.ActiveCfg = Debug|Any CPU
		{C570365F-C569-46B3-B35F-12952F0ACDEE}.Debug|Any CPU.Build.0 = Debug|Any CPU
		{C570365F-C569-46B3-B35F-12952F0ACDEE}.Debug|Mixed Platforms.ActiveCfg = Debug|Any CPU
		{C570365F-C569-46B3-B35F-12952F0ACDEE}.Debug|Mixed Platforms.Build.0 = Debug|Any CPU
		{C570365F-C569-46B3-B35F-12952F0ACDEE}.Debug|x86.ActiveCfg = Debug|Any CPU
		{C570365F-C569-46B3-B35F-12952F0ACDEE}.Release|Any CPU.ActiveCfg = Release|Any CPU
		{C570365F-C569-46B3-B35F-12952F0ACDEE}.Release|Any CPU.Build.0 = Release|Any CPU
		{C570365F-C569-46B3-B35F-12952F0ACDEE}.Release|Mixed Platforms.ActiveCfg = Release|Any CPU
		{C570365F-C569-46B3-B35F-12952F0ACDEE}.Release|Mixed Platforms.Build.0 = Release|Any CPU
		{C570365F-C569-46B3-B35F-12952F0ACDEE}.Release|x86.ActiveCfg = Release|Any CPU
		{A7CCA3B4-F50B-43F0-9250-673C1D6AC351}.Debug Roomie.Mvc3|Any CPU.ActiveCfg = Debug|Any CPU
		{A7CCA3B4-F50B-43F0-9250-673C1D6AC351}.Debug Roomie.Mvc3|Any CPU.Build.0 = Debug|Any CPU
		{A7CCA3B4-F50B-43F0-9250-673C1D6AC351}.Debug Roomie.Mvc3|Mixed Platforms.ActiveCfg = Debug|Any CPU
		{A7CCA3B4-F50B-43F0-9250-673C1D6AC351}.Debug Roomie.Mvc3|Mixed Platforms.Build.0 = Debug|Any CPU
		{A7CCA3B4-F50B-43F0-9250-673C1D6AC351}.Debug Roomie.Mvc3|x86.ActiveCfg = Debug|Any CPU
		{A7CCA3B4-F50B-43F0-9250-673C1D6AC351}.Debug|Any CPU.ActiveCfg = Debug|Any CPU
		{A7CCA3B4-F50B-43F0-9250-673C1D6AC351}.Debug|Any CPU.Build.0 = Debug|Any CPU
		{A7CCA3B4-F50B-43F0-9250-673C1D6AC351}.Debug|Mixed Platforms.ActiveCfg = Debug|Any CPU
		{A7CCA3B4-F50B-43F0-9250-673C1D6AC351}.Debug|Mixed Platforms.Build.0 = Debug|Any CPU
		{A7CCA3B4-F50B-43F0-9250-673C1D6AC351}.Debug|x86.ActiveCfg = Debug|Any CPU
		{A7CCA3B4-F50B-43F0-9250-673C1D6AC351}.Release|Any CPU.ActiveCfg = Release|Any CPU
		{A7CCA3B4-F50B-43F0-9250-673C1D6AC351}.Release|Any CPU.Build.0 = Release|Any CPU
		{A7CCA3B4-F50B-43F0-9250-673C1D6AC351}.Release|Mixed Platforms.ActiveCfg = Release|Any CPU
		{A7CCA3B4-F50B-43F0-9250-673C1D6AC351}.Release|Mixed Platforms.Build.0 = Release|Any CPU
		{A7CCA3B4-F50B-43F0-9250-673C1D6AC351}.Release|x86.ActiveCfg = Release|Any CPU
		{F1C594D7-933B-4E72-AE4A-CC47B82F0F3C}.Debug Roomie.Mvc3|Any CPU.ActiveCfg = Debug|Any CPU
		{F1C594D7-933B-4E72-AE4A-CC47B82F0F3C}.Debug Roomie.Mvc3|Any CPU.Build.0 = Debug|Any CPU
		{F1C594D7-933B-4E72-AE4A-CC47B82F0F3C}.Debug Roomie.Mvc3|Mixed Platforms.ActiveCfg = Debug|Any CPU
		{F1C594D7-933B-4E72-AE4A-CC47B82F0F3C}.Debug Roomie.Mvc3|Mixed Platforms.Build.0 = Debug|Any CPU
		{F1C594D7-933B-4E72-AE4A-CC47B82F0F3C}.Debug Roomie.Mvc3|x86.ActiveCfg = Debug|Any CPU
		{F1C594D7-933B-4E72-AE4A-CC47B82F0F3C}.Debug|Any CPU.ActiveCfg = Debug|Any CPU
		{F1C594D7-933B-4E72-AE4A-CC47B82F0F3C}.Debug|Any CPU.Build.0 = Debug|Any CPU
		{F1C594D7-933B-4E72-AE4A-CC47B82F0F3C}.Debug|Mixed Platforms.ActiveCfg = Debug|Any CPU
		{F1C594D7-933B-4E72-AE4A-CC47B82F0F3C}.Debug|Mixed Platforms.Build.0 = Debug|Any CPU
		{F1C594D7-933B-4E72-AE4A-CC47B82F0F3C}.Debug|x86.ActiveCfg = Debug|Any CPU
		{F1C594D7-933B-4E72-AE4A-CC47B82F0F3C}.Release|Any CPU.ActiveCfg = Release|Any CPU
		{F1C594D7-933B-4E72-AE4A-CC47B82F0F3C}.Release|Any CPU.Build.0 = Release|Any CPU
		{F1C594D7-933B-4E72-AE4A-CC47B82F0F3C}.Release|Mixed Platforms.ActiveCfg = Release|Any CPU
		{F1C594D7-933B-4E72-AE4A-CC47B82F0F3C}.Release|Mixed Platforms.Build.0 = Release|Any CPU
		{F1C594D7-933B-4E72-AE4A-CC47B82F0F3C}.Release|x86.ActiveCfg = Release|Any CPU
		{B89555A4-7FBF-4B56-A040-B18445B4224B}.Debug Roomie.Mvc3|Any CPU.ActiveCfg = Debug|Any CPU
		{B89555A4-7FBF-4B56-A040-B18445B4224B}.Debug Roomie.Mvc3|Any CPU.Build.0 = Debug|Any CPU
		{B89555A4-7FBF-4B56-A040-B18445B4224B}.Debug Roomie.Mvc3|Mixed Platforms.ActiveCfg = Debug|Any CPU
		{B89555A4-7FBF-4B56-A040-B18445B4224B}.Debug Roomie.Mvc3|Mixed Platforms.Build.0 = Debug|Any CPU
		{B89555A4-7FBF-4B56-A040-B18445B4224B}.Debug Roomie.Mvc3|x86.ActiveCfg = Debug|Any CPU
		{B89555A4-7FBF-4B56-A040-B18445B4224B}.Debug|Any CPU.ActiveCfg = Debug|Any CPU
		{B89555A4-7FBF-4B56-A040-B18445B4224B}.Debug|Any CPU.Build.0 = Debug|Any CPU
		{B89555A4-7FBF-4B56-A040-B18445B4224B}.Debug|Mixed Platforms.ActiveCfg = Debug|Any CPU
		{B89555A4-7FBF-4B56-A040-B18445B4224B}.Debug|Mixed Platforms.Build.0 = Debug|Any CPU
		{B89555A4-7FBF-4B56-A040-B18445B4224B}.Debug|x86.ActiveCfg = Debug|Any CPU
		{B89555A4-7FBF-4B56-A040-B18445B4224B}.Release|Any CPU.ActiveCfg = Release|Any CPU
		{B89555A4-7FBF-4B56-A040-B18445B4224B}.Release|Any CPU.Build.0 = Release|Any CPU
		{B89555A4-7FBF-4B56-A040-B18445B4224B}.Release|Mixed Platforms.ActiveCfg = Release|Any CPU
		{B89555A4-7FBF-4B56-A040-B18445B4224B}.Release|Mixed Platforms.Build.0 = Release|Any CPU
		{B89555A4-7FBF-4B56-A040-B18445B4224B}.Release|x86.ActiveCfg = Release|Any CPU
		{11205505-93C9-47B1-98F9-6DE80095CD7D}.Debug Roomie.Mvc3|Any CPU.ActiveCfg = Debug|x86
		{11205505-93C9-47B1-98F9-6DE80095CD7D}.Debug Roomie.Mvc3|Mixed Platforms.ActiveCfg = Debug|x86
		{11205505-93C9-47B1-98F9-6DE80095CD7D}.Debug Roomie.Mvc3|Mixed Platforms.Build.0 = Debug|x86
		{11205505-93C9-47B1-98F9-6DE80095CD7D}.Debug Roomie.Mvc3|x86.ActiveCfg = Debug|x86
		{11205505-93C9-47B1-98F9-6DE80095CD7D}.Debug Roomie.Mvc3|x86.Build.0 = Debug|x86
		{11205505-93C9-47B1-98F9-6DE80095CD7D}.Debug|Any CPU.ActiveCfg = Debug|x86
		{11205505-93C9-47B1-98F9-6DE80095CD7D}.Debug|Mixed Platforms.ActiveCfg = Debug|x86
		{11205505-93C9-47B1-98F9-6DE80095CD7D}.Debug|Mixed Platforms.Build.0 = Debug|x86
		{11205505-93C9-47B1-98F9-6DE80095CD7D}.Debug|x86.ActiveCfg = Debug|x86
		{11205505-93C9-47B1-98F9-6DE80095CD7D}.Debug|x86.Build.0 = Debug|x86
		{11205505-93C9-47B1-98F9-6DE80095CD7D}.Release|Any CPU.ActiveCfg = Release|x86
		{11205505-93C9-47B1-98F9-6DE80095CD7D}.Release|Mixed Platforms.ActiveCfg = Release|x86
		{11205505-93C9-47B1-98F9-6DE80095CD7D}.Release|Mixed Platforms.Build.0 = Release|x86
		{11205505-93C9-47B1-98F9-6DE80095CD7D}.Release|x86.ActiveCfg = Release|x86
		{11205505-93C9-47B1-98F9-6DE80095CD7D}.Release|x86.Build.0 = Release|x86
		{F2A79F92-10A8-4327-8F67-B18E59A3988F}.Debug Roomie.Mvc3|Any CPU.ActiveCfg = Debug|Any CPU
		{F2A79F92-10A8-4327-8F67-B18E59A3988F}.Debug Roomie.Mvc3|Any CPU.Build.0 = Debug|Any CPU
		{F2A79F92-10A8-4327-8F67-B18E59A3988F}.Debug Roomie.Mvc3|Mixed Platforms.ActiveCfg = Debug|Any CPU
		{F2A79F92-10A8-4327-8F67-B18E59A3988F}.Debug Roomie.Mvc3|Mixed Platforms.Build.0 = Debug|Any CPU
		{F2A79F92-10A8-4327-8F67-B18E59A3988F}.Debug Roomie.Mvc3|x86.ActiveCfg = Debug|Any CPU
		{F2A79F92-10A8-4327-8F67-B18E59A3988F}.Debug|Any CPU.ActiveCfg = Debug|Any CPU
		{F2A79F92-10A8-4327-8F67-B18E59A3988F}.Debug|Any CPU.Build.0 = Debug|Any CPU
		{F2A79F92-10A8-4327-8F67-B18E59A3988F}.Debug|Mixed Platforms.ActiveCfg = Debug|Any CPU
		{F2A79F92-10A8-4327-8F67-B18E59A3988F}.Debug|Mixed Platforms.Build.0 = Debug|Any CPU
		{F2A79F92-10A8-4327-8F67-B18E59A3988F}.Debug|x86.ActiveCfg = Debug|Any CPU
		{F2A79F92-10A8-4327-8F67-B18E59A3988F}.Release|Any CPU.ActiveCfg = Release|Any CPU
		{F2A79F92-10A8-4327-8F67-B18E59A3988F}.Release|Any CPU.Build.0 = Release|Any CPU
		{F2A79F92-10A8-4327-8F67-B18E59A3988F}.Release|Mixed Platforms.ActiveCfg = Release|Any CPU
		{F2A79F92-10A8-4327-8F67-B18E59A3988F}.Release|Mixed Platforms.Build.0 = Release|Any CPU
		{F2A79F92-10A8-4327-8F67-B18E59A3988F}.Release|x86.ActiveCfg = Release|Any CPU
		{FA68504D-927F-4A50-AD3A-A009A98AF836}.Debug Roomie.Mvc3|Any CPU.ActiveCfg = Debug|Any CPU
		{FA68504D-927F-4A50-AD3A-A009A98AF836}.Debug Roomie.Mvc3|Any CPU.Build.0 = Debug|Any CPU
		{FA68504D-927F-4A50-AD3A-A009A98AF836}.Debug Roomie.Mvc3|Mixed Platforms.ActiveCfg = Debug|Any CPU
		{FA68504D-927F-4A50-AD3A-A009A98AF836}.Debug Roomie.Mvc3|Mixed Platforms.Build.0 = Debug|Any CPU
		{FA68504D-927F-4A50-AD3A-A009A98AF836}.Debug Roomie.Mvc3|x86.ActiveCfg = Debug|Any CPU
		{FA68504D-927F-4A50-AD3A-A009A98AF836}.Debug|Any CPU.ActiveCfg = Debug|Any CPU
		{FA68504D-927F-4A50-AD3A-A009A98AF836}.Debug|Any CPU.Build.0 = Debug|Any CPU
		{FA68504D-927F-4A50-AD3A-A009A98AF836}.Debug|Mixed Platforms.ActiveCfg = Debug|Any CPU
		{FA68504D-927F-4A50-AD3A-A009A98AF836}.Debug|Mixed Platforms.Build.0 = Debug|Any CPU
		{FA68504D-927F-4A50-AD3A-A009A98AF836}.Debug|x86.ActiveCfg = Debug|Any CPU
		{FA68504D-927F-4A50-AD3A-A009A98AF836}.Release|Any CPU.ActiveCfg = Release|Any CPU
		{FA68504D-927F-4A50-AD3A-A009A98AF836}.Release|Any CPU.Build.0 = Release|Any CPU
		{FA68504D-927F-4A50-AD3A-A009A98AF836}.Release|Mixed Platforms.ActiveCfg = Release|Any CPU
		{FA68504D-927F-4A50-AD3A-A009A98AF836}.Release|Mixed Platforms.Build.0 = Release|Any CPU
		{FA68504D-927F-4A50-AD3A-A009A98AF836}.Release|x86.ActiveCfg = Release|Any CPU
		{7F726E91-6B0D-44E6-82A3-6C5A9B22D325}.Debug Roomie.Mvc3|Any CPU.ActiveCfg = Debug|x86
		{7F726E91-6B0D-44E6-82A3-6C5A9B22D325}.Debug Roomie.Mvc3|Mixed Platforms.ActiveCfg = Debug|x86
		{7F726E91-6B0D-44E6-82A3-6C5A9B22D325}.Debug Roomie.Mvc3|Mixed Platforms.Build.0 = Debug|x86
		{7F726E91-6B0D-44E6-82A3-6C5A9B22D325}.Debug Roomie.Mvc3|x86.ActiveCfg = Debug|x86
		{7F726E91-6B0D-44E6-82A3-6C5A9B22D325}.Debug Roomie.Mvc3|x86.Build.0 = Debug|x86
		{7F726E91-6B0D-44E6-82A3-6C5A9B22D325}.Debug|Any CPU.ActiveCfg = Debug|x86
		{7F726E91-6B0D-44E6-82A3-6C5A9B22D325}.Debug|Mixed Platforms.ActiveCfg = Debug|x86
		{7F726E91-6B0D-44E6-82A3-6C5A9B22D325}.Debug|Mixed Platforms.Build.0 = Debug|x86
		{7F726E91-6B0D-44E6-82A3-6C5A9B22D325}.Debug|x86.ActiveCfg = Debug|x86
		{7F726E91-6B0D-44E6-82A3-6C5A9B22D325}.Debug|x86.Build.0 = Debug|x86
		{7F726E91-6B0D-44E6-82A3-6C5A9B22D325}.Release|Any CPU.ActiveCfg = Release|x86
		{7F726E91-6B0D-44E6-82A3-6C5A9B22D325}.Release|Mixed Platforms.ActiveCfg = Release|x86
		{7F726E91-6B0D-44E6-82A3-6C5A9B22D325}.Release|Mixed Platforms.Build.0 = Release|x86
		{7F726E91-6B0D-44E6-82A3-6C5A9B22D325}.Release|x86.ActiveCfg = Release|x86
		{7F726E91-6B0D-44E6-82A3-6C5A9B22D325}.Release|x86.Build.0 = Release|x86
		{F9399D06-4797-4BCB-9F3D-32E2E47E5EE1}.Debug Roomie.Mvc3|Any CPU.ActiveCfg = Debug|Any CPU
		{F9399D06-4797-4BCB-9F3D-32E2E47E5EE1}.Debug Roomie.Mvc3|Any CPU.Build.0 = Debug|Any CPU
		{F9399D06-4797-4BCB-9F3D-32E2E47E5EE1}.Debug Roomie.Mvc3|Mixed Platforms.ActiveCfg = Debug|Any CPU
		{F9399D06-4797-4BCB-9F3D-32E2E47E5EE1}.Debug Roomie.Mvc3|Mixed Platforms.Build.0 = Debug|Any CPU
		{F9399D06-4797-4BCB-9F3D-32E2E47E5EE1}.Debug Roomie.Mvc3|x86.ActiveCfg = Debug|Any CPU
		{F9399D06-4797-4BCB-9F3D-32E2E47E5EE1}.Debug|Any CPU.ActiveCfg = Debug|Any CPU
		{F9399D06-4797-4BCB-9F3D-32E2E47E5EE1}.Debug|Any CPU.Build.0 = Debug|Any CPU
		{F9399D06-4797-4BCB-9F3D-32E2E47E5EE1}.Debug|Mixed Platforms.ActiveCfg = Debug|Any CPU
		{F9399D06-4797-4BCB-9F3D-32E2E47E5EE1}.Debug|Mixed Platforms.Build.0 = Debug|Any CPU
		{F9399D06-4797-4BCB-9F3D-32E2E47E5EE1}.Debug|x86.ActiveCfg = Debug|Any CPU
		{F9399D06-4797-4BCB-9F3D-32E2E47E5EE1}.Release|Any CPU.ActiveCfg = Release|Any CPU
		{F9399D06-4797-4BCB-9F3D-32E2E47E5EE1}.Release|Any CPU.Build.0 = Release|Any CPU
		{F9399D06-4797-4BCB-9F3D-32E2E47E5EE1}.Release|Mixed Platforms.ActiveCfg = Release|Any CPU
		{F9399D06-4797-4BCB-9F3D-32E2E47E5EE1}.Release|Mixed Platforms.Build.0 = Release|Any CPU
		{F9399D06-4797-4BCB-9F3D-32E2E47E5EE1}.Release|x86.ActiveCfg = Release|Any CPU
		{B8225CD9-0CDA-4022-BC70-DA6D0CF7E097}.Debug Roomie.Mvc3|Any CPU.ActiveCfg = Debug|Any CPU
		{B8225CD9-0CDA-4022-BC70-DA6D0CF7E097}.Debug Roomie.Mvc3|Any CPU.Build.0 = Debug|Any CPU
		{B8225CD9-0CDA-4022-BC70-DA6D0CF7E097}.Debug Roomie.Mvc3|Mixed Platforms.ActiveCfg = Debug|Any CPU
		{B8225CD9-0CDA-4022-BC70-DA6D0CF7E097}.Debug Roomie.Mvc3|Mixed Platforms.Build.0 = Debug|Any CPU
		{B8225CD9-0CDA-4022-BC70-DA6D0CF7E097}.Debug Roomie.Mvc3|x86.ActiveCfg = Debug|Any CPU
		{B8225CD9-0CDA-4022-BC70-DA6D0CF7E097}.Debug|Any CPU.ActiveCfg = Debug|Any CPU
		{B8225CD9-0CDA-4022-BC70-DA6D0CF7E097}.Debug|Any CPU.Build.0 = Debug|Any CPU
		{B8225CD9-0CDA-4022-BC70-DA6D0CF7E097}.Debug|Mixed Platforms.ActiveCfg = Debug|Any CPU
		{B8225CD9-0CDA-4022-BC70-DA6D0CF7E097}.Debug|Mixed Platforms.Build.0 = Debug|Any CPU
		{B8225CD9-0CDA-4022-BC70-DA6D0CF7E097}.Debug|x86.ActiveCfg = Debug|Any CPU
		{B8225CD9-0CDA-4022-BC70-DA6D0CF7E097}.Release|Any CPU.ActiveCfg = Release|Any CPU
		{B8225CD9-0CDA-4022-BC70-DA6D0CF7E097}.Release|Any CPU.Build.0 = Release|Any CPU
		{B8225CD9-0CDA-4022-BC70-DA6D0CF7E097}.Release|Mixed Platforms.ActiveCfg = Release|Any CPU
		{B8225CD9-0CDA-4022-BC70-DA6D0CF7E097}.Release|Mixed Platforms.Build.0 = Release|Any CPU
		{B8225CD9-0CDA-4022-BC70-DA6D0CF7E097}.Release|x86.ActiveCfg = Release|Any CPU
		{157A5468-8614-4577-91B3-738D58BF8350}.Debug Roomie.Mvc3|Any CPU.ActiveCfg = Debug|Any CPU
		{157A5468-8614-4577-91B3-738D58BF8350}.Debug Roomie.Mvc3|Any CPU.Build.0 = Debug|Any CPU
		{157A5468-8614-4577-91B3-738D58BF8350}.Debug Roomie.Mvc3|Mixed Platforms.ActiveCfg = Debug|Any CPU
		{157A5468-8614-4577-91B3-738D58BF8350}.Debug Roomie.Mvc3|Mixed Platforms.Build.0 = Debug|Any CPU
		{157A5468-8614-4577-91B3-738D58BF8350}.Debug Roomie.Mvc3|x86.ActiveCfg = Debug|Any CPU
		{157A5468-8614-4577-91B3-738D58BF8350}.Debug|Any CPU.ActiveCfg = Debug|Any CPU
		{157A5468-8614-4577-91B3-738D58BF8350}.Debug|Any CPU.Build.0 = Debug|Any CPU
		{157A5468-8614-4577-91B3-738D58BF8350}.Debug|Mixed Platforms.ActiveCfg = Debug|Any CPU
		{157A5468-8614-4577-91B3-738D58BF8350}.Debug|Mixed Platforms.Build.0 = Debug|Any CPU
		{157A5468-8614-4577-91B3-738D58BF8350}.Debug|x86.ActiveCfg = Debug|Any CPU
		{157A5468-8614-4577-91B3-738D58BF8350}.Release|Any CPU.ActiveCfg = Release|Any CPU
		{157A5468-8614-4577-91B3-738D58BF8350}.Release|Any CPU.Build.0 = Release|Any CPU
		{157A5468-8614-4577-91B3-738D58BF8350}.Release|Mixed Platforms.ActiveCfg = Release|Any CPU
		{157A5468-8614-4577-91B3-738D58BF8350}.Release|Mixed Platforms.Build.0 = Release|Any CPU
		{157A5468-8614-4577-91B3-738D58BF8350}.Release|x86.ActiveCfg = Release|Any CPU
		{BD67D062-FBD1-4A00-8A44-639CB8537AC8}.Debug Roomie.Mvc3|Any CPU.ActiveCfg = Debug|Any CPU
		{BD67D062-FBD1-4A00-8A44-639CB8537AC8}.Debug Roomie.Mvc3|Any CPU.Build.0 = Debug|Any CPU
		{BD67D062-FBD1-4A00-8A44-639CB8537AC8}.Debug Roomie.Mvc3|Mixed Platforms.ActiveCfg = Debug|Any CPU
		{BD67D062-FBD1-4A00-8A44-639CB8537AC8}.Debug Roomie.Mvc3|Mixed Platforms.Build.0 = Debug|Any CPU
		{BD67D062-FBD1-4A00-8A44-639CB8537AC8}.Debug Roomie.Mvc3|x86.ActiveCfg = Debug|Any CPU
		{BD67D062-FBD1-4A00-8A44-639CB8537AC8}.Debug|Any CPU.ActiveCfg = Debug|Any CPU
		{BD67D062-FBD1-4A00-8A44-639CB8537AC8}.Debug|Any CPU.Build.0 = Debug|Any CPU
		{BD67D062-FBD1-4A00-8A44-639CB8537AC8}.Debug|Mixed Platforms.ActiveCfg = Debug|Any CPU
		{BD67D062-FBD1-4A00-8A44-639CB8537AC8}.Debug|Mixed Platforms.Build.0 = Debug|Any CPU
		{BD67D062-FBD1-4A00-8A44-639CB8537AC8}.Debug|x86.ActiveCfg = Debug|Any CPU
		{BD67D062-FBD1-4A00-8A44-639CB8537AC8}.Release|Any CPU.ActiveCfg = Release|Any CPU
		{BD67D062-FBD1-4A00-8A44-639CB8537AC8}.Release|Any CPU.Build.0 = Release|Any CPU
		{BD67D062-FBD1-4A00-8A44-639CB8537AC8}.Release|Mixed Platforms.ActiveCfg = Release|Any CPU
		{BD67D062-FBD1-4A00-8A44-639CB8537AC8}.Release|Mixed Platforms.Build.0 = Release|Any CPU
		{BD67D062-FBD1-4A00-8A44-639CB8537AC8}.Release|x86.ActiveCfg = Release|Any CPU
		{1FA21EA1-0A02-47D9-8415-0F9951ECD408}.Debug Roomie.Mvc3|Any CPU.ActiveCfg = Debug|x86
		{1FA21EA1-0A02-47D9-8415-0F9951ECD408}.Debug Roomie.Mvc3|Mixed Platforms.ActiveCfg = Debug|x86
		{1FA21EA1-0A02-47D9-8415-0F9951ECD408}.Debug Roomie.Mvc3|Mixed Platforms.Build.0 = Debug|x86
		{1FA21EA1-0A02-47D9-8415-0F9951ECD408}.Debug Roomie.Mvc3|x86.ActiveCfg = Debug|x86
		{1FA21EA1-0A02-47D9-8415-0F9951ECD408}.Debug Roomie.Mvc3|x86.Build.0 = Debug|x86
		{1FA21EA1-0A02-47D9-8415-0F9951ECD408}.Debug|Any CPU.ActiveCfg = Debug|x86
		{1FA21EA1-0A02-47D9-8415-0F9951ECD408}.Debug|Mixed Platforms.ActiveCfg = Debug|x86
		{1FA21EA1-0A02-47D9-8415-0F9951ECD408}.Debug|Mixed Platforms.Build.0 = Debug|x86
		{1FA21EA1-0A02-47D9-8415-0F9951ECD408}.Debug|x86.ActiveCfg = Debug|x86
		{1FA21EA1-0A02-47D9-8415-0F9951ECD408}.Debug|x86.Build.0 = Debug|x86
		{1FA21EA1-0A02-47D9-8415-0F9951ECD408}.Release|Any CPU.ActiveCfg = Release|x86
		{1FA21EA1-0A02-47D9-8415-0F9951ECD408}.Release|Mixed Platforms.ActiveCfg = Release|x86
		{1FA21EA1-0A02-47D9-8415-0F9951ECD408}.Release|Mixed Platforms.Build.0 = Release|x86
		{1FA21EA1-0A02-47D9-8415-0F9951ECD408}.Release|x86.ActiveCfg = Release|x86
		{1FA21EA1-0A02-47D9-8415-0F9951ECD408}.Release|x86.Build.0 = Release|x86
		{F0B023B4-CCA4-419F-8963-862D3377A2F8}.Debug Roomie.Mvc3|Any CPU.ActiveCfg = Debug|Any CPU
		{F0B023B4-CCA4-419F-8963-862D3377A2F8}.Debug Roomie.Mvc3|Any CPU.Build.0 = Debug|Any CPU
		{F0B023B4-CCA4-419F-8963-862D3377A2F8}.Debug Roomie.Mvc3|Mixed Platforms.ActiveCfg = Debug|Any CPU
		{F0B023B4-CCA4-419F-8963-862D3377A2F8}.Debug Roomie.Mvc3|Mixed Platforms.Build.0 = Debug|Any CPU
		{F0B023B4-CCA4-419F-8963-862D3377A2F8}.Debug Roomie.Mvc3|x86.ActiveCfg = Debug|Any CPU
		{F0B023B4-CCA4-419F-8963-862D3377A2F8}.Debug|Any CPU.ActiveCfg = Debug|Any CPU
		{F0B023B4-CCA4-419F-8963-862D3377A2F8}.Debug|Any CPU.Build.0 = Debug|Any CPU
		{F0B023B4-CCA4-419F-8963-862D3377A2F8}.Debug|Mixed Platforms.ActiveCfg = Debug|Any CPU
		{F0B023B4-CCA4-419F-8963-862D3377A2F8}.Debug|Mixed Platforms.Build.0 = Debug|Any CPU
		{F0B023B4-CCA4-419F-8963-862D3377A2F8}.Debug|x86.ActiveCfg = Debug|Any CPU
		{F0B023B4-CCA4-419F-8963-862D3377A2F8}.Release|Any CPU.ActiveCfg = Release|Any CPU
		{F0B023B4-CCA4-419F-8963-862D3377A2F8}.Release|Any CPU.Build.0 = Release|Any CPU
		{F0B023B4-CCA4-419F-8963-862D3377A2F8}.Release|Mixed Platforms.ActiveCfg = Release|Any CPU
		{F0B023B4-CCA4-419F-8963-862D3377A2F8}.Release|Mixed Platforms.Build.0 = Release|Any CPU
		{F0B023B4-CCA4-419F-8963-862D3377A2F8}.Release|x86.ActiveCfg = Release|Any CPU
		{610FD55B-DE30-475D-AEBD-A5539815D056}.Debug Roomie.Mvc3|Any CPU.ActiveCfg = Debug|Any CPU
		{610FD55B-DE30-475D-AEBD-A5539815D056}.Debug Roomie.Mvc3|Any CPU.Build.0 = Debug|Any CPU
		{610FD55B-DE30-475D-AEBD-A5539815D056}.Debug Roomie.Mvc3|Mixed Platforms.ActiveCfg = Debug|Any CPU
		{610FD55B-DE30-475D-AEBD-A5539815D056}.Debug Roomie.Mvc3|Mixed Platforms.Build.0 = Debug|Any CPU
		{610FD55B-DE30-475D-AEBD-A5539815D056}.Debug Roomie.Mvc3|x86.ActiveCfg = Debug|Any CPU
		{610FD55B-DE30-475D-AEBD-A5539815D056}.Debug|Any CPU.ActiveCfg = Debug|Any CPU
		{610FD55B-DE30-475D-AEBD-A5539815D056}.Debug|Any CPU.Build.0 = Debug|Any CPU
		{610FD55B-DE30-475D-AEBD-A5539815D056}.Debug|Mixed Platforms.ActiveCfg = Debug|Any CPU
		{610FD55B-DE30-475D-AEBD-A5539815D056}.Debug|Mixed Platforms.Build.0 = Debug|Any CPU
		{610FD55B-DE30-475D-AEBD-A5539815D056}.Debug|x86.ActiveCfg = Debug|Any CPU
		{610FD55B-DE30-475D-AEBD-A5539815D056}.Release|Any CPU.ActiveCfg = Release|Any CPU
		{610FD55B-DE30-475D-AEBD-A5539815D056}.Release|Any CPU.Build.0 = Release|Any CPU
		{610FD55B-DE30-475D-AEBD-A5539815D056}.Release|Mixed Platforms.ActiveCfg = Release|Any CPU
		{610FD55B-DE30-475D-AEBD-A5539815D056}.Release|Mixed Platforms.Build.0 = Release|Any CPU
		{610FD55B-DE30-475D-AEBD-A5539815D056}.Release|x86.ActiveCfg = Release|Any CPU
		{E9421EEF-6269-4F5E-9893-5C0003B6E400}.Debug Roomie.Mvc3|Any CPU.ActiveCfg = Debug|Any CPU
		{E9421EEF-6269-4F5E-9893-5C0003B6E400}.Debug Roomie.Mvc3|Any CPU.Build.0 = Debug|Any CPU
		{E9421EEF-6269-4F5E-9893-5C0003B6E400}.Debug Roomie.Mvc3|Mixed Platforms.ActiveCfg = Debug|Any CPU
		{E9421EEF-6269-4F5E-9893-5C0003B6E400}.Debug Roomie.Mvc3|Mixed Platforms.Build.0 = Debug|Any CPU
		{E9421EEF-6269-4F5E-9893-5C0003B6E400}.Debug Roomie.Mvc3|x86.ActiveCfg = Debug|Any CPU
		{E9421EEF-6269-4F5E-9893-5C0003B6E400}.Debug|Any CPU.ActiveCfg = Debug|Any CPU
		{E9421EEF-6269-4F5E-9893-5C0003B6E400}.Debug|Any CPU.Build.0 = Debug|Any CPU
		{E9421EEF-6269-4F5E-9893-5C0003B6E400}.Debug|Mixed Platforms.ActiveCfg = Debug|Any CPU
		{E9421EEF-6269-4F5E-9893-5C0003B6E400}.Debug|Mixed Platforms.Build.0 = Debug|Any CPU
		{E9421EEF-6269-4F5E-9893-5C0003B6E400}.Debug|x86.ActiveCfg = Debug|Any CPU
		{E9421EEF-6269-4F5E-9893-5C0003B6E400}.Release|Any CPU.ActiveCfg = Release|Any CPU
		{E9421EEF-6269-4F5E-9893-5C0003B6E400}.Release|Any CPU.Build.0 = Release|Any CPU
		{E9421EEF-6269-4F5E-9893-5C0003B6E400}.Release|Mixed Platforms.ActiveCfg = Release|Any CPU
		{E9421EEF-6269-4F5E-9893-5C0003B6E400}.Release|Mixed Platforms.Build.0 = Release|Any CPU
		{E9421EEF-6269-4F5E-9893-5C0003B6E400}.Release|x86.ActiveCfg = Release|Any CPU
		{96934CBD-3597-4432-AE32-ED730377D3AA}.Debug Roomie.Mvc3|Any CPU.ActiveCfg = Debug|Any CPU
		{96934CBD-3597-4432-AE32-ED730377D3AA}.Debug Roomie.Mvc3|Any CPU.Build.0 = Debug|Any CPU
		{96934CBD-3597-4432-AE32-ED730377D3AA}.Debug Roomie.Mvc3|Mixed Platforms.ActiveCfg = Debug|Any CPU
		{96934CBD-3597-4432-AE32-ED730377D3AA}.Debug Roomie.Mvc3|Mixed Platforms.Build.0 = Debug|Any CPU
		{96934CBD-3597-4432-AE32-ED730377D3AA}.Debug Roomie.Mvc3|x86.ActiveCfg = Debug|Any CPU
		{96934CBD-3597-4432-AE32-ED730377D3AA}.Debug|Any CPU.ActiveCfg = Debug|Any CPU
		{96934CBD-3597-4432-AE32-ED730377D3AA}.Debug|Any CPU.Build.0 = Debug|Any CPU
		{96934CBD-3597-4432-AE32-ED730377D3AA}.Debug|Mixed Platforms.ActiveCfg = Debug|Any CPU
		{96934CBD-3597-4432-AE32-ED730377D3AA}.Debug|Mixed Platforms.Build.0 = Debug|Any CPU
		{96934CBD-3597-4432-AE32-ED730377D3AA}.Debug|x86.ActiveCfg = Debug|Any CPU
		{96934CBD-3597-4432-AE32-ED730377D3AA}.Release|Any CPU.ActiveCfg = Release|Any CPU
		{96934CBD-3597-4432-AE32-ED730377D3AA}.Release|Any CPU.Build.0 = Release|Any CPU
		{96934CBD-3597-4432-AE32-ED730377D3AA}.Release|Mixed Platforms.ActiveCfg = Release|Any CPU
		{96934CBD-3597-4432-AE32-ED730377D3AA}.Release|Mixed Platforms.Build.0 = Release|Any CPU
		{96934CBD-3597-4432-AE32-ED730377D3AA}.Release|x86.ActiveCfg = Release|Any CPU
		{BD6C94B8-E271-4DDF-B485-C2416036BD82}.Debug Roomie.Mvc3|Any CPU.ActiveCfg = Debug|Any CPU
		{BD6C94B8-E271-4DDF-B485-C2416036BD82}.Debug Roomie.Mvc3|Any CPU.Build.0 = Debug|Any CPU
		{BD6C94B8-E271-4DDF-B485-C2416036BD82}.Debug Roomie.Mvc3|Mixed Platforms.ActiveCfg = Debug|Any CPU
		{BD6C94B8-E271-4DDF-B485-C2416036BD82}.Debug Roomie.Mvc3|Mixed Platforms.Build.0 = Debug|Any CPU
		{BD6C94B8-E271-4DDF-B485-C2416036BD82}.Debug Roomie.Mvc3|x86.ActiveCfg = Debug|Any CPU
		{BD6C94B8-E271-4DDF-B485-C2416036BD82}.Debug|Any CPU.ActiveCfg = Debug|Any CPU
		{BD6C94B8-E271-4DDF-B485-C2416036BD82}.Debug|Any CPU.Build.0 = Debug|Any CPU
		{BD6C94B8-E271-4DDF-B485-C2416036BD82}.Debug|Mixed Platforms.ActiveCfg = Debug|Any CPU
		{BD6C94B8-E271-4DDF-B485-C2416036BD82}.Debug|Mixed Platforms.Build.0 = Debug|Any CPU
		{BD6C94B8-E271-4DDF-B485-C2416036BD82}.Debug|x86.ActiveCfg = Debug|Any CPU
		{BD6C94B8-E271-4DDF-B485-C2416036BD82}.Release|Any CPU.ActiveCfg = Release|Any CPU
		{BD6C94B8-E271-4DDF-B485-C2416036BD82}.Release|Any CPU.Build.0 = Release|Any CPU
		{BD6C94B8-E271-4DDF-B485-C2416036BD82}.Release|Mixed Platforms.ActiveCfg = Release|Any CPU
		{BD6C94B8-E271-4DDF-B485-C2416036BD82}.Release|Mixed Platforms.Build.0 = Release|Any CPU
		{BD6C94B8-E271-4DDF-B485-C2416036BD82}.Release|x86.ActiveCfg = Release|Any CPU
		{F22862B7-CDB9-4D4E-83F3-9AA535DB5841}.Debug Roomie.Mvc3|Any CPU.ActiveCfg = Debug|Any CPU
		{F22862B7-CDB9-4D4E-83F3-9AA535DB5841}.Debug Roomie.Mvc3|Any CPU.Build.0 = Debug|Any CPU
		{F22862B7-CDB9-4D4E-83F3-9AA535DB5841}.Debug Roomie.Mvc3|Mixed Platforms.ActiveCfg = Debug|Any CPU
		{F22862B7-CDB9-4D4E-83F3-9AA535DB5841}.Debug Roomie.Mvc3|Mixed Platforms.Build.0 = Debug|Any CPU
		{F22862B7-CDB9-4D4E-83F3-9AA535DB5841}.Debug Roomie.Mvc3|x86.ActiveCfg = Debug|Any CPU
		{F22862B7-CDB9-4D4E-83F3-9AA535DB5841}.Debug|Any CPU.ActiveCfg = Debug|Any CPU
		{F22862B7-CDB9-4D4E-83F3-9AA535DB5841}.Debug|Any CPU.Build.0 = Debug|Any CPU
		{F22862B7-CDB9-4D4E-83F3-9AA535DB5841}.Debug|Mixed Platforms.ActiveCfg = Debug|Any CPU
		{F22862B7-CDB9-4D4E-83F3-9AA535DB5841}.Debug|Mixed Platforms.Build.0 = Debug|Any CPU
		{F22862B7-CDB9-4D4E-83F3-9AA535DB5841}.Debug|x86.ActiveCfg = Debug|Any CPU
		{F22862B7-CDB9-4D4E-83F3-9AA535DB5841}.Release|Any CPU.ActiveCfg = Release|Any CPU
		{F22862B7-CDB9-4D4E-83F3-9AA535DB5841}.Release|Any CPU.Build.0 = Release|Any CPU
		{F22862B7-CDB9-4D4E-83F3-9AA535DB5841}.Release|Mixed Platforms.ActiveCfg = Release|Any CPU
		{F22862B7-CDB9-4D4E-83F3-9AA535DB5841}.Release|Mixed Platforms.Build.0 = Release|Any CPU
		{F22862B7-CDB9-4D4E-83F3-9AA535DB5841}.Release|x86.ActiveCfg = Release|Any CPU
		{8EB25CBD-C698-4ECD-AC94-6A38F2DA347F}.Debug Roomie.Mvc3|Any CPU.ActiveCfg = Debug|Any CPU
		{8EB25CBD-C698-4ECD-AC94-6A38F2DA347F}.Debug Roomie.Mvc3|Any CPU.Build.0 = Debug|Any CPU
		{8EB25CBD-C698-4ECD-AC94-6A38F2DA347F}.Debug Roomie.Mvc3|Mixed Platforms.ActiveCfg = Debug|Any CPU
		{8EB25CBD-C698-4ECD-AC94-6A38F2DA347F}.Debug Roomie.Mvc3|Mixed Platforms.Build.0 = Debug|Any CPU
		{8EB25CBD-C698-4ECD-AC94-6A38F2DA347F}.Debug Roomie.Mvc3|x86.ActiveCfg = Debug|Any CPU
		{8EB25CBD-C698-4ECD-AC94-6A38F2DA347F}.Debug|Any CPU.ActiveCfg = Debug|Any CPU
		{8EB25CBD-C698-4ECD-AC94-6A38F2DA347F}.Debug|Any CPU.Build.0 = Debug|Any CPU
		{8EB25CBD-C698-4ECD-AC94-6A38F2DA347F}.Debug|Mixed Platforms.ActiveCfg = Debug|Any CPU
		{8EB25CBD-C698-4ECD-AC94-6A38F2DA347F}.Debug|Mixed Platforms.Build.0 = Debug|Any CPU
		{8EB25CBD-C698-4ECD-AC94-6A38F2DA347F}.Debug|x86.ActiveCfg = Debug|Any CPU
		{8EB25CBD-C698-4ECD-AC94-6A38F2DA347F}.Release|Any CPU.ActiveCfg = Release|Any CPU
		{8EB25CBD-C698-4ECD-AC94-6A38F2DA347F}.Release|Any CPU.Build.0 = Release|Any CPU
		{8EB25CBD-C698-4ECD-AC94-6A38F2DA347F}.Release|Mixed Platforms.ActiveCfg = Release|Any CPU
		{8EB25CBD-C698-4ECD-AC94-6A38F2DA347F}.Release|Mixed Platforms.Build.0 = Release|Any CPU
		{8EB25CBD-C698-4ECD-AC94-6A38F2DA347F}.Release|x86.ActiveCfg = Release|Any CPU
		{8D346BF8-664E-4690-9EEF-CD24DB365273}.Debug Roomie.Mvc3|Any CPU.ActiveCfg = Debug|Any CPU
		{8D346BF8-664E-4690-9EEF-CD24DB365273}.Debug Roomie.Mvc3|Any CPU.Build.0 = Debug|Any CPU
		{8D346BF8-664E-4690-9EEF-CD24DB365273}.Debug Roomie.Mvc3|Mixed Platforms.ActiveCfg = Debug|Any CPU
		{8D346BF8-664E-4690-9EEF-CD24DB365273}.Debug Roomie.Mvc3|Mixed Platforms.Build.0 = Debug|Any CPU
		{8D346BF8-664E-4690-9EEF-CD24DB365273}.Debug Roomie.Mvc3|x86.ActiveCfg = Debug|Any CPU
		{8D346BF8-664E-4690-9EEF-CD24DB365273}.Debug|Any CPU.ActiveCfg = Debug|Any CPU
		{8D346BF8-664E-4690-9EEF-CD24DB365273}.Debug|Any CPU.Build.0 = Debug|Any CPU
		{8D346BF8-664E-4690-9EEF-CD24DB365273}.Debug|Mixed Platforms.ActiveCfg = Debug|Any CPU
		{8D346BF8-664E-4690-9EEF-CD24DB365273}.Debug|Mixed Platforms.Build.0 = Debug|Any CPU
		{8D346BF8-664E-4690-9EEF-CD24DB365273}.Debug|x86.ActiveCfg = Debug|Any CPU
		{8D346BF8-664E-4690-9EEF-CD24DB365273}.Release|Any CPU.ActiveCfg = Release|Any CPU
		{8D346BF8-664E-4690-9EEF-CD24DB365273}.Release|Any CPU.Build.0 = Release|Any CPU
		{8D346BF8-664E-4690-9EEF-CD24DB365273}.Release|Mixed Platforms.ActiveCfg = Release|Any CPU
		{8D346BF8-664E-4690-9EEF-CD24DB365273}.Release|Mixed Platforms.Build.0 = Release|Any CPU
		{8D346BF8-664E-4690-9EEF-CD24DB365273}.Release|x86.ActiveCfg = Release|Any CPU
		{52838530-5174-47D2-A029-2DDB7918C776}.Debug Roomie.Mvc3|Any CPU.ActiveCfg = Debug|Any CPU
		{52838530-5174-47D2-A029-2DDB7918C776}.Debug Roomie.Mvc3|Any CPU.Build.0 = Debug|Any CPU
		{52838530-5174-47D2-A029-2DDB7918C776}.Debug Roomie.Mvc3|Mixed Platforms.ActiveCfg = Debug|Any CPU
		{52838530-5174-47D2-A029-2DDB7918C776}.Debug Roomie.Mvc3|Mixed Platforms.Build.0 = Debug|Any CPU
		{52838530-5174-47D2-A029-2DDB7918C776}.Debug Roomie.Mvc3|x86.ActiveCfg = Debug|Any CPU
		{52838530-5174-47D2-A029-2DDB7918C776}.Debug|Any CPU.ActiveCfg = Debug|Any CPU
		{52838530-5174-47D2-A029-2DDB7918C776}.Debug|Any CPU.Build.0 = Debug|Any CPU
		{52838530-5174-47D2-A029-2DDB7918C776}.Debug|Mixed Platforms.ActiveCfg = Debug|Any CPU
		{52838530-5174-47D2-A029-2DDB7918C776}.Debug|Mixed Platforms.Build.0 = Debug|Any CPU
		{52838530-5174-47D2-A029-2DDB7918C776}.Debug|x86.ActiveCfg = Debug|Any CPU
		{52838530-5174-47D2-A029-2DDB7918C776}.Release|Any CPU.ActiveCfg = Release|Any CPU
		{52838530-5174-47D2-A029-2DDB7918C776}.Release|Any CPU.Build.0 = Release|Any CPU
		{52838530-5174-47D2-A029-2DDB7918C776}.Release|Mixed Platforms.ActiveCfg = Release|Any CPU
		{52838530-5174-47D2-A029-2DDB7918C776}.Release|Mixed Platforms.Build.0 = Release|Any CPU
		{52838530-5174-47D2-A029-2DDB7918C776}.Release|x86.ActiveCfg = Release|Any CPU
		{752F5DB0-48FA-4EF7-91D3-5776E35952A2}.Debug Roomie.Mvc3|Any CPU.ActiveCfg = Debug|Any CPU
		{752F5DB0-48FA-4EF7-91D3-5776E35952A2}.Debug Roomie.Mvc3|Any CPU.Build.0 = Debug|Any CPU
		{752F5DB0-48FA-4EF7-91D3-5776E35952A2}.Debug Roomie.Mvc3|Mixed Platforms.ActiveCfg = Debug|Any CPU
		{752F5DB0-48FA-4EF7-91D3-5776E35952A2}.Debug Roomie.Mvc3|Mixed Platforms.Build.0 = Debug|Any CPU
		{752F5DB0-48FA-4EF7-91D3-5776E35952A2}.Debug Roomie.Mvc3|x86.ActiveCfg = Debug|Any CPU
		{752F5DB0-48FA-4EF7-91D3-5776E35952A2}.Debug|Any CPU.ActiveCfg = Debug|Any CPU
		{752F5DB0-48FA-4EF7-91D3-5776E35952A2}.Debug|Any CPU.Build.0 = Debug|Any CPU
		{752F5DB0-48FA-4EF7-91D3-5776E35952A2}.Debug|Mixed Platforms.ActiveCfg = Debug|Any CPU
		{752F5DB0-48FA-4EF7-91D3-5776E35952A2}.Debug|Mixed Platforms.Build.0 = Debug|Any CPU
		{752F5DB0-48FA-4EF7-91D3-5776E35952A2}.Debug|x86.ActiveCfg = Debug|Any CPU
		{752F5DB0-48FA-4EF7-91D3-5776E35952A2}.Release|Any CPU.ActiveCfg = Release|Any CPU
		{752F5DB0-48FA-4EF7-91D3-5776E35952A2}.Release|Any CPU.Build.0 = Release|Any CPU
		{752F5DB0-48FA-4EF7-91D3-5776E35952A2}.Release|Mixed Platforms.ActiveCfg = Release|Any CPU
		{752F5DB0-48FA-4EF7-91D3-5776E35952A2}.Release|Mixed Platforms.Build.0 = Release|Any CPU
		{752F5DB0-48FA-4EF7-91D3-5776E35952A2}.Release|x86.ActiveCfg = Release|Any CPU
		{C37F4C26-67AD-401C-8EEB-FEB17918E9AF}.Debug Roomie.Mvc3|Any CPU.ActiveCfg = Debug|Any CPU
		{C37F4C26-67AD-401C-8EEB-FEB17918E9AF}.Debug Roomie.Mvc3|Any CPU.Build.0 = Debug|Any CPU
		{C37F4C26-67AD-401C-8EEB-FEB17918E9AF}.Debug Roomie.Mvc3|Mixed Platforms.ActiveCfg = Debug|Any CPU
		{C37F4C26-67AD-401C-8EEB-FEB17918E9AF}.Debug Roomie.Mvc3|Mixed Platforms.Build.0 = Debug|Any CPU
		{C37F4C26-67AD-401C-8EEB-FEB17918E9AF}.Debug Roomie.Mvc3|x86.ActiveCfg = Debug|Any CPU
		{C37F4C26-67AD-401C-8EEB-FEB17918E9AF}.Debug|Any CPU.ActiveCfg = Debug|Any CPU
		{C37F4C26-67AD-401C-8EEB-FEB17918E9AF}.Debug|Any CPU.Build.0 = Debug|Any CPU
		{C37F4C26-67AD-401C-8EEB-FEB17918E9AF}.Debug|Mixed Platforms.ActiveCfg = Debug|Any CPU
		{C37F4C26-67AD-401C-8EEB-FEB17918E9AF}.Debug|Mixed Platforms.Build.0 = Debug|Any CPU
		{C37F4C26-67AD-401C-8EEB-FEB17918E9AF}.Debug|x86.ActiveCfg = Debug|Any CPU
		{C37F4C26-67AD-401C-8EEB-FEB17918E9AF}.Release|Any CPU.ActiveCfg = Release|Any CPU
		{C37F4C26-67AD-401C-8EEB-FEB17918E9AF}.Release|Any CPU.Build.0 = Release|Any CPU
		{C37F4C26-67AD-401C-8EEB-FEB17918E9AF}.Release|Mixed Platforms.ActiveCfg = Release|Any CPU
		{C37F4C26-67AD-401C-8EEB-FEB17918E9AF}.Release|Mixed Platforms.Build.0 = Release|Any CPU
		{C37F4C26-67AD-401C-8EEB-FEB17918E9AF}.Release|x86.ActiveCfg = Release|Any CPU
		{CA3D65A9-07C0-4453-8D4E-CCC9B39B22D9}.Debug Roomie.Mvc3|Any CPU.ActiveCfg = Debug|Any CPU
		{CA3D65A9-07C0-4453-8D4E-CCC9B39B22D9}.Debug Roomie.Mvc3|Any CPU.Build.0 = Debug|Any CPU
		{CA3D65A9-07C0-4453-8D4E-CCC9B39B22D9}.Debug Roomie.Mvc3|Mixed Platforms.ActiveCfg = Debug|Any CPU
		{CA3D65A9-07C0-4453-8D4E-CCC9B39B22D9}.Debug Roomie.Mvc3|Mixed Platforms.Build.0 = Debug|Any CPU
		{CA3D65A9-07C0-4453-8D4E-CCC9B39B22D9}.Debug Roomie.Mvc3|x86.ActiveCfg = Debug|Any CPU
		{CA3D65A9-07C0-4453-8D4E-CCC9B39B22D9}.Debug|Any CPU.ActiveCfg = Debug|Any CPU
		{CA3D65A9-07C0-4453-8D4E-CCC9B39B22D9}.Debug|Any CPU.Build.0 = Debug|Any CPU
		{CA3D65A9-07C0-4453-8D4E-CCC9B39B22D9}.Debug|Mixed Platforms.ActiveCfg = Debug|Any CPU
		{CA3D65A9-07C0-4453-8D4E-CCC9B39B22D9}.Debug|Mixed Platforms.Build.0 = Debug|Any CPU
		{CA3D65A9-07C0-4453-8D4E-CCC9B39B22D9}.Debug|x86.ActiveCfg = Debug|Any CPU
		{CA3D65A9-07C0-4453-8D4E-CCC9B39B22D9}.Release|Any CPU.ActiveCfg = Release|Any CPU
		{CA3D65A9-07C0-4453-8D4E-CCC9B39B22D9}.Release|Any CPU.Build.0 = Release|Any CPU
		{CA3D65A9-07C0-4453-8D4E-CCC9B39B22D9}.Release|Mixed Platforms.ActiveCfg = Release|Any CPU
		{CA3D65A9-07C0-4453-8D4E-CCC9B39B22D9}.Release|Mixed Platforms.Build.0 = Release|Any CPU
		{CA3D65A9-07C0-4453-8D4E-CCC9B39B22D9}.Release|x86.ActiveCfg = Release|Any CPU
		{5F72C80F-4C92-46EE-931B-7676DD2824E9}.Debug Roomie.Mvc3|Any CPU.ActiveCfg = Debug|Any CPU
		{5F72C80F-4C92-46EE-931B-7676DD2824E9}.Debug Roomie.Mvc3|Any CPU.Build.0 = Debug|Any CPU
		{5F72C80F-4C92-46EE-931B-7676DD2824E9}.Debug Roomie.Mvc3|Mixed Platforms.ActiveCfg = Debug|Any CPU
		{5F72C80F-4C92-46EE-931B-7676DD2824E9}.Debug Roomie.Mvc3|Mixed Platforms.Build.0 = Debug|Any CPU
		{5F72C80F-4C92-46EE-931B-7676DD2824E9}.Debug Roomie.Mvc3|x86.ActiveCfg = Debug|Any CPU
		{5F72C80F-4C92-46EE-931B-7676DD2824E9}.Debug|Any CPU.ActiveCfg = Debug|Any CPU
		{5F72C80F-4C92-46EE-931B-7676DD2824E9}.Debug|Any CPU.Build.0 = Debug|Any CPU
		{5F72C80F-4C92-46EE-931B-7676DD2824E9}.Debug|Mixed Platforms.ActiveCfg = Debug|Any CPU
		{5F72C80F-4C92-46EE-931B-7676DD2824E9}.Debug|Mixed Platforms.Build.0 = Debug|Any CPU
		{5F72C80F-4C92-46EE-931B-7676DD2824E9}.Debug|x86.ActiveCfg = Debug|Any CPU
		{5F72C80F-4C92-46EE-931B-7676DD2824E9}.Release|Any CPU.ActiveCfg = Release|Any CPU
		{5F72C80F-4C92-46EE-931B-7676DD2824E9}.Release|Any CPU.Build.0 = Release|Any CPU
		{5F72C80F-4C92-46EE-931B-7676DD2824E9}.Release|Mixed Platforms.ActiveCfg = Release|Any CPU
		{5F72C80F-4C92-46EE-931B-7676DD2824E9}.Release|Mixed Platforms.Build.0 = Release|Any CPU
		{5F72C80F-4C92-46EE-931B-7676DD2824E9}.Release|x86.ActiveCfg = Release|Any CPU
		{ACD40CA9-DE61-4438-8DC3-7727AEB6EF27}.Debug Roomie.Mvc3|Any CPU.ActiveCfg = Debug|Any CPU
		{ACD40CA9-DE61-4438-8DC3-7727AEB6EF27}.Debug Roomie.Mvc3|Any CPU.Build.0 = Debug|Any CPU
		{ACD40CA9-DE61-4438-8DC3-7727AEB6EF27}.Debug Roomie.Mvc3|Mixed Platforms.ActiveCfg = Debug|Any CPU
		{ACD40CA9-DE61-4438-8DC3-7727AEB6EF27}.Debug Roomie.Mvc3|Mixed Platforms.Build.0 = Debug|Any CPU
		{ACD40CA9-DE61-4438-8DC3-7727AEB6EF27}.Debug Roomie.Mvc3|x86.ActiveCfg = Debug|Any CPU
		{ACD40CA9-DE61-4438-8DC3-7727AEB6EF27}.Debug|Any CPU.ActiveCfg = Debug|Any CPU
		{ACD40CA9-DE61-4438-8DC3-7727AEB6EF27}.Debug|Any CPU.Build.0 = Debug|Any CPU
		{ACD40CA9-DE61-4438-8DC3-7727AEB6EF27}.Debug|Mixed Platforms.ActiveCfg = Debug|Any CPU
		{ACD40CA9-DE61-4438-8DC3-7727AEB6EF27}.Debug|Mixed Platforms.Build.0 = Debug|Any CPU
		{ACD40CA9-DE61-4438-8DC3-7727AEB6EF27}.Debug|x86.ActiveCfg = Debug|Any CPU
		{ACD40CA9-DE61-4438-8DC3-7727AEB6EF27}.Release|Any CPU.ActiveCfg = Release|Any CPU
		{ACD40CA9-DE61-4438-8DC3-7727AEB6EF27}.Release|Any CPU.Build.0 = Release|Any CPU
		{ACD40CA9-DE61-4438-8DC3-7727AEB6EF27}.Release|Mixed Platforms.ActiveCfg = Release|Any CPU
		{ACD40CA9-DE61-4438-8DC3-7727AEB6EF27}.Release|Mixed Platforms.Build.0 = Release|Any CPU
		{ACD40CA9-DE61-4438-8DC3-7727AEB6EF27}.Release|x86.ActiveCfg = Release|Any CPU
		{9F021646-9069-4B2C-A26A-D6386EE0ED90}.Debug Roomie.Mvc3|Any CPU.ActiveCfg = Debug|Any CPU
		{9F021646-9069-4B2C-A26A-D6386EE0ED90}.Debug Roomie.Mvc3|Any CPU.Build.0 = Debug|Any CPU
		{9F021646-9069-4B2C-A26A-D6386EE0ED90}.Debug Roomie.Mvc3|Mixed Platforms.ActiveCfg = Debug|Any CPU
		{9F021646-9069-4B2C-A26A-D6386EE0ED90}.Debug Roomie.Mvc3|Mixed Platforms.Build.0 = Debug|Any CPU
		{9F021646-9069-4B2C-A26A-D6386EE0ED90}.Debug Roomie.Mvc3|x86.ActiveCfg = Debug|Any CPU
		{9F021646-9069-4B2C-A26A-D6386EE0ED90}.Debug|Any CPU.ActiveCfg = Debug|Any CPU
		{9F021646-9069-4B2C-A26A-D6386EE0ED90}.Debug|Any CPU.Build.0 = Debug|Any CPU
		{9F021646-9069-4B2C-A26A-D6386EE0ED90}.Debug|Mixed Platforms.ActiveCfg = Debug|Any CPU
		{9F021646-9069-4B2C-A26A-D6386EE0ED90}.Debug|Mixed Platforms.Build.0 = Debug|Any CPU
		{9F021646-9069-4B2C-A26A-D6386EE0ED90}.Debug|x86.ActiveCfg = Debug|Any CPU
		{9F021646-9069-4B2C-A26A-D6386EE0ED90}.Release|Any CPU.ActiveCfg = Release|Any CPU
		{9F021646-9069-4B2C-A26A-D6386EE0ED90}.Release|Any CPU.Build.0 = Release|Any CPU
		{9F021646-9069-4B2C-A26A-D6386EE0ED90}.Release|Mixed Platforms.ActiveCfg = Release|Any CPU
		{9F021646-9069-4B2C-A26A-D6386EE0ED90}.Release|Mixed Platforms.Build.0 = Release|Any CPU
		{9F021646-9069-4B2C-A26A-D6386EE0ED90}.Release|x86.ActiveCfg = Release|Any CPU
		{65F7EC5E-59CD-4CD1-8907-40D56EBE8614}.Debug Roomie.Mvc3|Any CPU.ActiveCfg = Debug|Any CPU
		{65F7EC5E-59CD-4CD1-8907-40D56EBE8614}.Debug Roomie.Mvc3|Any CPU.Build.0 = Debug|Any CPU
		{65F7EC5E-59CD-4CD1-8907-40D56EBE8614}.Debug Roomie.Mvc3|Mixed Platforms.ActiveCfg = Debug|Any CPU
		{65F7EC5E-59CD-4CD1-8907-40D56EBE8614}.Debug Roomie.Mvc3|Mixed Platforms.Build.0 = Debug|Any CPU
		{65F7EC5E-59CD-4CD1-8907-40D56EBE8614}.Debug Roomie.Mvc3|x86.ActiveCfg = Debug|Any CPU
		{65F7EC5E-59CD-4CD1-8907-40D56EBE8614}.Debug|Any CPU.ActiveCfg = Debug|Any CPU
		{65F7EC5E-59CD-4CD1-8907-40D56EBE8614}.Debug|Any CPU.Build.0 = Debug|Any CPU
		{65F7EC5E-59CD-4CD1-8907-40D56EBE8614}.Debug|Mixed Platforms.ActiveCfg = Debug|Any CPU
		{65F7EC5E-59CD-4CD1-8907-40D56EBE8614}.Debug|Mixed Platforms.Build.0 = Debug|Any CPU
		{65F7EC5E-59CD-4CD1-8907-40D56EBE8614}.Debug|x86.ActiveCfg = Debug|Any CPU
		{65F7EC5E-59CD-4CD1-8907-40D56EBE8614}.Release|Any CPU.ActiveCfg = Release|Any CPU
		{65F7EC5E-59CD-4CD1-8907-40D56EBE8614}.Release|Any CPU.Build.0 = Release|Any CPU
		{65F7EC5E-59CD-4CD1-8907-40D56EBE8614}.Release|Mixed Platforms.ActiveCfg = Release|Any CPU
		{65F7EC5E-59CD-4CD1-8907-40D56EBE8614}.Release|Mixed Platforms.Build.0 = Release|Any CPU
		{65F7EC5E-59CD-4CD1-8907-40D56EBE8614}.Release|x86.ActiveCfg = Release|Any CPU
		{8A4DE8BD-5073-464F-BF77-71EFA6E07FD0}.Debug Roomie.Mvc3|Any CPU.ActiveCfg = Debug|Any CPU
		{8A4DE8BD-5073-464F-BF77-71EFA6E07FD0}.Debug Roomie.Mvc3|Any CPU.Build.0 = Debug|Any CPU
		{8A4DE8BD-5073-464F-BF77-71EFA6E07FD0}.Debug Roomie.Mvc3|Mixed Platforms.ActiveCfg = Debug|Any CPU
		{8A4DE8BD-5073-464F-BF77-71EFA6E07FD0}.Debug Roomie.Mvc3|Mixed Platforms.Build.0 = Debug|Any CPU
		{8A4DE8BD-5073-464F-BF77-71EFA6E07FD0}.Debug Roomie.Mvc3|x86.ActiveCfg = Debug|Any CPU
		{8A4DE8BD-5073-464F-BF77-71EFA6E07FD0}.Debug|Any CPU.ActiveCfg = Debug|Any CPU
		{8A4DE8BD-5073-464F-BF77-71EFA6E07FD0}.Debug|Any CPU.Build.0 = Debug|Any CPU
		{8A4DE8BD-5073-464F-BF77-71EFA6E07FD0}.Debug|Mixed Platforms.ActiveCfg = Debug|Any CPU
		{8A4DE8BD-5073-464F-BF77-71EFA6E07FD0}.Debug|Mixed Platforms.Build.0 = Debug|Any CPU
		{8A4DE8BD-5073-464F-BF77-71EFA6E07FD0}.Debug|x86.ActiveCfg = Debug|Any CPU
		{8A4DE8BD-5073-464F-BF77-71EFA6E07FD0}.Release|Any CPU.ActiveCfg = Release|Any CPU
		{8A4DE8BD-5073-464F-BF77-71EFA6E07FD0}.Release|Any CPU.Build.0 = Release|Any CPU
		{8A4DE8BD-5073-464F-BF77-71EFA6E07FD0}.Release|Mixed Platforms.ActiveCfg = Release|Any CPU
		{8A4DE8BD-5073-464F-BF77-71EFA6E07FD0}.Release|Mixed Platforms.Build.0 = Release|Any CPU
		{8A4DE8BD-5073-464F-BF77-71EFA6E07FD0}.Release|x86.ActiveCfg = Release|Any CPU
		{9B945F89-B6B3-4E7E-B670-B9DB24AD00DF}.Debug Roomie.Mvc3|Any CPU.ActiveCfg = Debug|Any CPU
		{9B945F89-B6B3-4E7E-B670-B9DB24AD00DF}.Debug Roomie.Mvc3|Any CPU.Build.0 = Debug|Any CPU
		{9B945F89-B6B3-4E7E-B670-B9DB24AD00DF}.Debug Roomie.Mvc3|Mixed Platforms.ActiveCfg = Debug|Any CPU
		{9B945F89-B6B3-4E7E-B670-B9DB24AD00DF}.Debug Roomie.Mvc3|Mixed Platforms.Build.0 = Debug|Any CPU
		{9B945F89-B6B3-4E7E-B670-B9DB24AD00DF}.Debug Roomie.Mvc3|x86.ActiveCfg = Debug|Any CPU
		{9B945F89-B6B3-4E7E-B670-B9DB24AD00DF}.Debug|Any CPU.ActiveCfg = Debug|Any CPU
		{9B945F89-B6B3-4E7E-B670-B9DB24AD00DF}.Debug|Any CPU.Build.0 = Debug|Any CPU
		{9B945F89-B6B3-4E7E-B670-B9DB24AD00DF}.Debug|Mixed Platforms.ActiveCfg = Debug|Any CPU
		{9B945F89-B6B3-4E7E-B670-B9DB24AD00DF}.Debug|Mixed Platforms.Build.0 = Debug|Any CPU
		{9B945F89-B6B3-4E7E-B670-B9DB24AD00DF}.Debug|x86.ActiveCfg = Debug|Any CPU
		{9B945F89-B6B3-4E7E-B670-B9DB24AD00DF}.Release|Any CPU.ActiveCfg = Release|Any CPU
		{9B945F89-B6B3-4E7E-B670-B9DB24AD00DF}.Release|Any CPU.Build.0 = Release|Any CPU
		{9B945F89-B6B3-4E7E-B670-B9DB24AD00DF}.Release|Mixed Platforms.ActiveCfg = Release|Any CPU
		{9B945F89-B6B3-4E7E-B670-B9DB24AD00DF}.Release|Mixed Platforms.Build.0 = Release|Any CPU
		{9B945F89-B6B3-4E7E-B670-B9DB24AD00DF}.Release|x86.ActiveCfg = Release|Any CPU
	EndGlobalSection
	GlobalSection(SolutionProperties) = preSolution
		HideSolutionNode = FALSE
	EndGlobalSection
	GlobalSection(NestedProjects) = preSolution
		{F4E218AF-2C16-4F57-B80A-52A1B2335D2D} = {A6D0895F-B51B-46B1-B6A0-F35C36D7789F}
		{91E5D2C3-D269-4FF9-8AB6-36926441F6B2} = {A6D0895F-B51B-46B1-B6A0-F35C36D7789F}
		{7F726E91-6B0D-44E6-82A3-6C5A9B22D325} = {A6D0895F-B51B-46B1-B6A0-F35C36D7789F}
		{8D346BF8-664E-4690-9EEF-CD24DB365273} = {A6D0895F-B51B-46B1-B6A0-F35C36D7789F}
		{CA3D65A9-07C0-4453-8D4E-CCC9B39B22D9} = {A6D0895F-B51B-46B1-B6A0-F35C36D7789F}
		{79C6296E-FE65-4441-8841-541C80F68623} = {B861BDFA-0882-4AC0-9B88-6E25EE2FD654}
		{7E42B977-82F5-49E2-99F8-DF84A72AA9E1} = {B861BDFA-0882-4AC0-9B88-6E25EE2FD654}
		{C570365F-C569-46B3-B35F-12952F0ACDEE} = {B861BDFA-0882-4AC0-9B88-6E25EE2FD654}
		{41DFF33E-037B-45F4-9B2A-E07068610978} = {B861BDFA-0882-4AC0-9B88-6E25EE2FD654}
		{FA68504D-927F-4A50-AD3A-A009A98AF836} = {B861BDFA-0882-4AC0-9B88-6E25EE2FD654}
		{F22862B7-CDB9-4D4E-83F3-9AA535DB5841} = {B861BDFA-0882-4AC0-9B88-6E25EE2FD654}
		{52838530-5174-47D2-A029-2DDB7918C776} = {B861BDFA-0882-4AC0-9B88-6E25EE2FD654}
		{A7CCA3B4-F50B-43F0-9250-673C1D6AC351} = {88209820-F3E1-4DF3-B252-C5C2771FED15}
		{F2A79F92-10A8-4327-8F67-B18E59A3988F} = {41DFF33E-037B-45F4-9B2A-E07068610978}
		{F9399D06-4797-4BCB-9F3D-32E2E47E5EE1} = {41DFF33E-037B-45F4-9B2A-E07068610978}
		{48E1A8A5-7204-4C21-A914-510933DB87EA} = {41DFF33E-037B-45F4-9B2A-E07068610978}
		{9F021646-9069-4B2C-A26A-D6386EE0ED90} = {41DFF33E-037B-45F4-9B2A-E07068610978}
		{65F7EC5E-59CD-4CD1-8907-40D56EBE8614} = {41DFF33E-037B-45F4-9B2A-E07068610978}
		{8A4DE8BD-5073-464F-BF77-71EFA6E07FD0} = {41DFF33E-037B-45F4-9B2A-E07068610978}
		{9B945F89-B6B3-4E7E-B670-B9DB24AD00DF} = {41DFF33E-037B-45F4-9B2A-E07068610978}
		{F1C594D7-933B-4E72-AE4A-CC47B82F0F3C} = {3B7E5ADF-46FC-48E0-B7E2-EB5487F7DA35}
		{B89555A4-7FBF-4B56-A040-B18445B4224B} = {3B7E5ADF-46FC-48E0-B7E2-EB5487F7DA35}
		{BD6C94B8-E271-4DDF-B485-C2416036BD82} = {3B7E5ADF-46FC-48E0-B7E2-EB5487F7DA35}
		{8EB25CBD-C698-4ECD-AC94-6A38F2DA347F} = {3B7E5ADF-46FC-48E0-B7E2-EB5487F7DA35}
		{11205505-93C9-47B1-98F9-6DE80095CD7D} = {5FEFCDCA-4821-43FC-A023-ABEA06CD236A}
		{B8225CD9-0CDA-4022-BC70-DA6D0CF7E097} = {9CD26F6B-45B4-4D7C-87A6-96163B4C7489}
		{157A5468-8614-4577-91B3-738D58BF8350} = {9CD26F6B-45B4-4D7C-87A6-96163B4C7489}
		{BD67D062-FBD1-4A00-8A44-639CB8537AC8} = {9CD26F6B-45B4-4D7C-87A6-96163B4C7489}
		{1FA21EA1-0A02-47D9-8415-0F9951ECD408} = {9CD26F6B-45B4-4D7C-87A6-96163B4C7489}
		{F0B023B4-CCA4-419F-8963-862D3377A2F8} = {9CD26F6B-45B4-4D7C-87A6-96163B4C7489}
		{610FD55B-DE30-475D-AEBD-A5539815D056} = {9CD26F6B-45B4-4D7C-87A6-96163B4C7489}
		{E9421EEF-6269-4F5E-9893-5C0003B6E400} = {9CD26F6B-45B4-4D7C-87A6-96163B4C7489}
		{96934CBD-3597-4432-AE32-ED730377D3AA} = {9CD26F6B-45B4-4D7C-87A6-96163B4C7489}
		{752F5DB0-48FA-4EF7-91D3-5776E35952A2} = {9CD26F6B-45B4-4D7C-87A6-96163B4C7489}
		{C37F4C26-67AD-401C-8EEB-FEB17918E9AF} = {9CD26F6B-45B4-4D7C-87A6-96163B4C7489}
		{5F72C80F-4C92-46EE-931B-7676DD2824E9} = {9CD26F6B-45B4-4D7C-87A6-96163B4C7489}
		{ACD40CA9-DE61-4438-8DC3-7727AEB6EF27} = {9CD26F6B-45B4-4D7C-87A6-96163B4C7489}
	EndGlobalSection
EndGlobal
